// !$*UTF8*$!
{
	archiveVersion = 1;
	classes = {
	};
	objectVersion = 48;
	objects = {

/* Begin PBXBuildFile section */
		47533DEB1F7BAC2900345EA6 /* AppDelegate.m in Sources */ = {isa = PBXBuildFile; fileRef = 47533DEA1F7BAC2900345EA6 /* AppDelegate.m */; };
		47533DEE1F7BAC2900345EA6 /* ViewController.m in Sources */ = {isa = PBXBuildFile; fileRef = 47533DED1F7BAC2900345EA6 /* ViewController.m */; };
		47533DF11F7BAC2900345EA6 /* Main.storyboard in Resources */ = {isa = PBXBuildFile; fileRef = 47533DEF1F7BAC2900345EA6 /* Main.storyboard */; };
		47533DF31F7BAC2900345EA6 /* Assets.xcassets in Resources */ = {isa = PBXBuildFile; fileRef = 47533DF21F7BAC2900345EA6 /* Assets.xcassets */; };
		47533DF61F7BAC2900345EA6 /* LaunchScreen.storyboard in Resources */ = {isa = PBXBuildFile; fileRef = 47533DF41F7BAC2900345EA6 /* LaunchScreen.storyboard */; };
		47533DF91F7BAC2900345EA6 /* main.m in Sources */ = {isa = PBXBuildFile; fileRef = 47533DF81F7BAC2900345EA6 /* main.m */; };
		47533E031F7BAC2A00345EA6 /* Xcode9_demo1Tests.m in Sources */ = {isa = PBXBuildFile; fileRef = 47533E021F7BAC2A00345EA6 /* Xcode9_demo1Tests.m */; };
		47533E0E1F7BAC2A00345EA6 /* Xcode9_demo1UITests.m in Sources */ = {isa = PBXBuildFile; fileRef = 47533E0D1F7BAC2A00345EA6 /* Xcode9_demo1UITests.m */; };
/* End PBXBuildFile section */

/* Begin PBXContainerItemProxy section */
		47533DFF1F7BAC2A00345EA6 /* PBXContainerItemProxy */ = {
			isa = PBXContainerItemProxy;
			containerPortal = 47533DDE1F7BAC2900345EA6 /* Project object */;
			proxyType = 1;
			remoteGlobalIDString = 47533DE51F7BAC2900345EA6;
			remoteInfo = Xcode9_demo1;
		};
		47533E0A1F7BAC2A00345EA6 /* PBXContainerItemProxy */ = {
			isa = PBXContainerItemProxy;
			containerPortal = 47533DDE1F7BAC2900345EA6 /* Project object */;
			proxyType = 1;
			remoteGlobalIDString = 47533DE51F7BAC2900345EA6;
			remoteInfo = Xcode9_demo1;
		};
/* End PBXContainerItemProxy section */

/* Begin PBXFileReference section */
		47533DE61F7BAC2900345EA6 /* Xcode9_demo1.app */ = {isa = PBXFileReference; explicitFileType = wrapper.application; includeInIndex = 0; path = Xcode9_demo1.app; sourceTree = BUILT_PRODUCTS_DIR; };
		47533DE91F7BAC2900345EA6 /* AppDelegate.h */ = {isa = PBXFileReference; lastKnownFileType = sourcecode.c.h; path = AppDelegate.h; sourceTree = "<group>"; };
		47533DEA1F7BAC2900345EA6 /* AppDelegate.m */ = {isa = PBXFileReference; lastKnownFileType = sourcecode.c.objc; path = AppDelegate.m; sourceTree = "<group>"; };
		47533DEC1F7BAC2900345EA6 /* ViewController.h */ = {isa = PBXFileReference; lastKnownFileType = sourcecode.c.h; path = ViewController.h; sourceTree = "<group>"; };
		47533DED1F7BAC2900345EA6 /* ViewController.m */ = {isa = PBXFileReference; lastKnownFileType = sourcecode.c.objc; path = ViewController.m; sourceTree = "<group>"; };
		47533DF01F7BAC2900345EA6 /* Base */ = {isa = PBXFileReference; lastKnownFileType = file.storyboard; name = Base; path = Base.lproj/Main.storyboard; sourceTree = "<group>"; };
		47533DF21F7BAC2900345EA6 /* Assets.xcassets */ = {isa = PBXFileReference; lastKnownFileType = folder.assetcatalog; path = Assets.xcassets; sourceTree = "<group>"; };
		47533DF51F7BAC2900345EA6 /* Base */ = {isa = PBXFileReference; lastKnownFileType = file.storyboard; name = Base; path = Base.lproj/LaunchScreen.storyboard; sourceTree = "<group>"; };
		47533DF71F7BAC2900345EA6 /* Info.plist */ = {isa = PBXFileReference; lastKnownFileType = text.plist.xml; path = Info.plist; sourceTree = "<group>"; };
		47533DF81F7BAC2900345EA6 /* main.m */ = {isa = PBXFileReference; lastKnownFileType = sourcecode.c.objc; path = main.m; sourceTree = "<group>"; };
		47533DFE1F7BAC2A00345EA6 /* Xcode9_demo1Tests.xctest */ = {isa = PBXFileReference; explicitFileType = wrapper.cfbundle; includeInIndex = 0; path = Xcode9_demo1Tests.xctest; sourceTree = BUILT_PRODUCTS_DIR; };
		47533E021F7BAC2A00345EA6 /* Xcode9_demo1Tests.m */ = {isa = PBXFileReference; lastKnownFileType = sourcecode.c.objc; path = Xcode9_demo1Tests.m; sourceTree = "<group>"; };
		47533E041F7BAC2A00345EA6 /* Info.plist */ = {isa = PBXFileReference; lastKnownFileType = text.plist.xml; path = Info.plist; sourceTree = "<group>"; };
		47533E091F7BAC2A00345EA6 /* Xcode9_demo1UITests.xctest */ = {isa = PBXFileReference; explicitFileType = wrapper.cfbundle; includeInIndex = 0; path = Xcode9_demo1UITests.xctest; sourceTree = BUILT_PRODUCTS_DIR; };
		47533E0D1F7BAC2A00345EA6 /* Xcode9_demo1UITests.m */ = {isa = PBXFileReference; lastKnownFileType = sourcecode.c.objc; path = Xcode9_demo1UITests.m; sourceTree = "<group>"; };
		47533E0F1F7BAC2A00345EA6 /* Info.plist */ = {isa = PBXFileReference; lastKnownFileType = text.plist.xml; path = Info.plist; sourceTree = "<group>"; };
/* End PBXFileReference section */

/* Begin PBXFrameworksBuildPhase section */
		47533DE31F7BAC2900345EA6 /* Frameworks */ = {
			isa = PBXFrameworksBuildPhase;
			buildActionMask = 2147483647;
			files = (
			);
			runOnlyForDeploymentPostprocessing = 0;
		};
		47533DFB1F7BAC2A00345EA6 /* Frameworks */ = {
			isa = PBXFrameworksBuildPhase;
			buildActionMask = 2147483647;
			files = (
			);
			runOnlyForDeploymentPostprocessing = 0;
		};
		47533E061F7BAC2A00345EA6 /* Frameworks */ = {
			isa = PBXFrameworksBuildPhase;
			buildActionMask = 2147483647;
			files = (
			);
			runOnlyForDeploymentPostprocessing = 0;
		};
/* End PBXFrameworksBuildPhase section */

/* Begin PBXGroup section */
		47533DDD1F7BAC2900345EA6 = {
			isa = PBXGroup;
			children = (
				47533DE81F7BAC2900345EA6 /* Xcode9_demo1 */,
				47533E011F7BAC2A00345EA6 /* Xcode9_demo1Tests */,
				47533E0C1F7BAC2A00345EA6 /* Xcode9_demo1UITests */,
				47533DE71F7BAC2900345EA6 /* Products */,
			);
			sourceTree = "<group>";
		};
		47533DE71F7BAC2900345EA6 /* Products */ = {
			isa = PBXGroup;
			children = (
				47533DE61F7BAC2900345EA6 /* Xcode9_demo1.app */,
				47533DFE1F7BAC2A00345EA6 /* Xcode9_demo1Tests.xctest */,
				47533E091F7BAC2A00345EA6 /* Xcode9_demo1UITests.xctest */,
			);
			name = Products;
			sourceTree = "<group>";
		};
		47533DE81F7BAC2900345EA6 /* Xcode9_demo1 */ = {
			isa = PBXGroup;
			children = (
				47533DE91F7BAC2900345EA6 /* AppDelegate.h */,
				47533DEA1F7BAC2900345EA6 /* AppDelegate.m */,
				47533DEC1F7BAC2900345EA6 /* ViewController.h */,
				47533DED1F7BAC2900345EA6 /* ViewController.m */,
				47533DEF1F7BAC2900345EA6 /* Main.storyboard */,
				47533DF21F7BAC2900345EA6 /* Assets.xcassets */,
				47533DF41F7BAC2900345EA6 /* LaunchScreen.storyboard */,
				47533DF71F7BAC2900345EA6 /* Info.plist */,
				47533DF81F7BAC2900345EA6 /* main.m */,
			);
			path = Xcode9_demo1;
			sourceTree = "<group>";
		};
		47533E011F7BAC2A00345EA6 /* Xcode9_demo1Tests */ = {
			isa = PBXGroup;
			children = (
				47533E021F7BAC2A00345EA6 /* Xcode9_demo1Tests.m */,
				47533E041F7BAC2A00345EA6 /* Info.plist */,
			);
			path = Xcode9_demo1Tests;
			sourceTree = "<group>";
		};
		47533E0C1F7BAC2A00345EA6 /* Xcode9_demo1UITests */ = {
			isa = PBXGroup;
			children = (
				47533E0D1F7BAC2A00345EA6 /* Xcode9_demo1UITests.m */,
				47533E0F1F7BAC2A00345EA6 /* Info.plist */,
			);
			path = Xcode9_demo1UITests;
			sourceTree = "<group>";
		};
/* End PBXGroup section */

/* Begin PBXNativeTarget section */
		47533DE51F7BAC2900345EA6 /* Xcode9_demo1 */ = {
			isa = PBXNativeTarget;
			buildConfigurationList = 47533E121F7BAC2A00345EA6 /* Build configuration list for PBXNativeTarget "Xcode9_demo1" */;
			buildPhases = (
				47533DE21F7BAC2900345EA6 /* Sources */,
				47533DE31F7BAC2900345EA6 /* Frameworks */,
				47533DE41F7BAC2900345EA6 /* Resources */,
			);
			buildRules = (
			);
			dependencies = (
			);
			name = Xcode9_demo1;
			productName = Xcode9_demo1;
			productReference = 47533DE61F7BAC2900345EA6 /* Xcode9_demo1.app */;
			productType = "com.apple.product-type.application";
		};
		47533DFD1F7BAC2A00345EA6 /* Xcode9_demo1Tests */ = {
			isa = PBXNativeTarget;
			buildConfigurationList = 47533E151F7BAC2A00345EA6 /* Build configuration list for PBXNativeTarget "Xcode9_demo1Tests" */;
			buildPhases = (
				47533DFA1F7BAC2A00345EA6 /* Sources */,
				47533DFB1F7BAC2A00345EA6 /* Frameworks */,
				47533DFC1F7BAC2A00345EA6 /* Resources */,
			);
			buildRules = (
			);
			dependencies = (
				47533E001F7BAC2A00345EA6 /* PBXTargetDependency */,
			);
			name = Xcode9_demo1Tests;
			productName = Xcode9_demo1Tests;
			productReference = 47533DFE1F7BAC2A00345EA6 /* Xcode9_demo1Tests.xctest */;
			productType = "com.apple.product-type.bundle.unit-test";
		};
		47533E081F7BAC2A00345EA6 /* Xcode9_demo1UITests */ = {
			isa = PBXNativeTarget;
			buildConfigurationList = 47533E181F7BAC2A00345EA6 /* Build configuration list for PBXNativeTarget "Xcode9_demo1UITests" */;
			buildPhases = (
				47533E051F7BAC2A00345EA6 /* Sources */,
				47533E061F7BAC2A00345EA6 /* Frameworks */,
				47533E071F7BAC2A00345EA6 /* Resources */,
			);
			buildRules = (
			);
			dependencies = (
				47533E0B1F7BAC2A00345EA6 /* PBXTargetDependency */,
			);
			name = Xcode9_demo1UITests;
			productName = Xcode9_demo1UITests;
			productReference = 47533E091F7BAC2A00345EA6 /* Xcode9_demo1UITests.xctest */;
			productType = "com.apple.product-type.bundle.ui-testing";
		};
/* End PBXNativeTarget section */

/* Begin PBXProject section */
		47533DDE1F7BAC2900345EA6 /* Project object */ = {
			isa = PBXProject;
			attributes = {
				LastUpgradeCheck = 0900;
				ORGANIZATIONNAME = zhuzhijia;
				TargetAttributes = {
					47533DE51F7BAC2900345EA6 = {
						CreatedOnToolsVersion = 9.0;
						ProvisioningStyle = Automatic;
					};
					47533DFD1F7BAC2A00345EA6 = {
						CreatedOnToolsVersion = 9.0;
						ProvisioningStyle = Automatic;
						TestTargetID = 47533DE51F7BAC2900345EA6;
					};
					47533E081F7BAC2A00345EA6 = {
						CreatedOnToolsVersion = 9.0;
						ProvisioningStyle = Automatic;
						TestTargetID = 47533DE51F7BAC2900345EA6;
					};
				};
			};
			buildConfigurationList = 47533DE11F7BAC2900345EA6 /* Build configuration list for PBXProject "Xcode9_demo1" */;
			compatibilityVersion = "Xcode 8.0";
			developmentRegion = en;
			hasScannedForEncodings = 0;
			knownRegions = (
				en,
				Base,
			);
			mainGroup = 47533DDD1F7BAC2900345EA6;
			productRefGroup = 47533DE71F7BAC2900345EA6 /* Products */;
			projectDirPath = "";
			projectRoot = "";
			targets = (
				47533DE51F7BAC2900345EA6 /* Xcode9_demo1 */,
				47533DFD1F7BAC2A00345EA6 /* Xcode9_demo1Tests */,
				47533E081F7BAC2A00345EA6 /* Xcode9_demo1UITests */,
			);
		};
/* End PBXProject section */

/* Begin PBXResourcesBuildPhase section */
		47533DE41F7BAC2900345EA6 /* Resources */ = {
			isa = PBXResourcesBuildPhase;
			buildActionMask = 2147483647;
			files = (
				47533DF61F7BAC2900345EA6 /* LaunchScreen.storyboard in Resources */,
				47533DF31F7BAC2900345EA6 /* Assets.xcassets in Resources */,
				47533DF11F7BAC2900345EA6 /* Main.storyboard in Resources */,
			);
			runOnlyForDeploymentPostprocessing = 0;
		};
		47533DFC1F7BAC2A00345EA6 /* Resources */ = {
			isa = PBXResourcesBuildPhase;
			buildActionMask = 2147483647;
			files = (
			);
			runOnlyForDeploymentPostprocessing = 0;
		};
		47533E071F7BAC2A00345EA6 /* Resources */ = {
			isa = PBXResourcesBuildPhase;
			buildActionMask = 2147483647;
			files = (
			);
			runOnlyForDeploymentPostprocessing = 0;
		};
/* End PBXResourcesBuildPhase section */

/* Begin PBXSourcesBuildPhase section */
		47533DE21F7BAC2900345EA6 /* Sources */ = {
			isa = PBXSourcesBuildPhase;
			buildActionMask = 2147483647;
			files = (
				47533DEE1F7BAC2900345EA6 /* ViewController.m in Sources */,
				47533DF91F7BAC2900345EA6 /* main.m in Sources */,
				47533DEB1F7BAC2900345EA6 /* AppDelegate.m in Sources */,
			);
			runOnlyForDeploymentPostprocessing = 0;
		};
		47533DFA1F7BAC2A00345EA6 /* Sources */ = {
			isa = PBXSourcesBuildPhase;
			buildActionMask = 2147483647;
			files = (
				47533E031F7BAC2A00345EA6 /* Xcode9_demo1Tests.m in Sources */,
			);
			runOnlyForDeploymentPostprocessing = 0;
		};
		47533E051F7BAC2A00345EA6 /* Sources */ = {
			isa = PBXSourcesBuildPhase;
			buildActionMask = 2147483647;
			files = (
				47533E0E1F7BAC2A00345EA6 /* Xcode9_demo1UITests.m in Sources */,
			);
			runOnlyForDeploymentPostprocessing = 0;
		};
/* End PBXSourcesBuildPhase section */

/* Begin PBXTargetDependency section */
		47533E001F7BAC2A00345EA6 /* PBXTargetDependency */ = {
			isa = PBXTargetDependency;
			target = 47533DE51F7BAC2900345EA6 /* Xcode9_demo1 */;
			targetProxy = 47533DFF1F7BAC2A00345EA6 /* PBXContainerItemProxy */;
		};
		47533E0B1F7BAC2A00345EA6 /* PBXTargetDependency */ = {
			isa = PBXTargetDependency;
			target = 47533DE51F7BAC2900345EA6 /* Xcode9_demo1 */;
			targetProxy = 47533E0A1F7BAC2A00345EA6 /* PBXContainerItemProxy */;
		};
/* End PBXTargetDependency section */

/* Begin PBXVariantGroup section */
		47533DEF1F7BAC2900345EA6 /* Main.storyboard */ = {
			isa = PBXVariantGroup;
			children = (
				47533DF01F7BAC2900345EA6 /* Base */,
			);
			name = Main.storyboard;
			sourceTree = "<group>";
		};
		47533DF41F7BAC2900345EA6 /* LaunchScreen.storyboard */ = {
			isa = PBXVariantGroup;
			children = (
				47533DF51F7BAC2900345EA6 /* Base */,
			);
			name = LaunchScreen.storyboard;
			sourceTree = "<group>";
		};
/* End PBXVariantGroup section */

/* Begin XCBuildConfiguration section */
		47533E101F7BAC2A00345EA6 /* Debug */ = {
			isa = XCBuildConfiguration;
			buildSettings = {
				ALWAYS_SEARCH_USER_PATHS = NO;
				CLANG_ANALYZER_NONNULL = YES;
				CLANG_ANALYZER_NUMBER_OBJECT_CONVERSION = YES_AGGRESSIVE;
				CLANG_CXX_LANGUAGE_STANDARD = "gnu++14";
				CLANG_CXX_LIBRARY = "libc++";
				CLANG_ENABLE_MODULES = YES;
				CLANG_ENABLE_OBJC_ARC = YES;
				CLANG_WARN_BLOCK_CAPTURE_AUTORELEASING = YES;
				CLANG_WARN_BOOL_CONVERSION = YES;
				CLANG_WARN_COMMA = YES;
				CLANG_WARN_CONSTANT_CONVERSION = YES;
				CLANG_WARN_DIRECT_OBJC_ISA_USAGE = YES_ERROR;
				CLANG_WARN_DOCUMENTATION_COMMENTS = YES;
				CLANG_WARN_EMPTY_BODY = YES;
				CLANG_WARN_ENUM_CONVERSION = YES;
				CLANG_WARN_INFINITE_RECURSION = YES;
				CLANG_WARN_INT_CONVERSION = YES;
				CLANG_WARN_NON_LITERAL_NULL_CONVERSION = YES;
				CLANG_WARN_OBJC_LITERAL_CONVERSION = YES;
				CLANG_WARN_OBJC_ROOT_CLASS = YES_ERROR;
				CLANG_WARN_RANGE_LOOP_ANALYSIS = YES;
				CLANG_WARN_STRICT_PROTOTYPES = YES;
				CLANG_WARN_SUSPICIOUS_MOVE = YES;
				CLANG_WARN_UNGUARDED_AVAILABILITY = YES_AGGRESSIVE;
				CLANG_WARN_UNREACHABLE_CODE = YES;
				CLANG_WARN__DUPLICATE_METHOD_MATCH = YES;
				CODE_SIGN_IDENTITY = "iPhone Developer";
				COPY_PHASE_STRIP = NO;
				DEBUG_INFORMATION_FORMAT = dwarf;
				ENABLE_STRICT_OBJC_MSGSEND = YES;
				ENABLE_TESTABILITY = YES;
				GCC_C_LANGUAGE_STANDARD = gnu11;
				GCC_DYNAMIC_NO_PIC = NO;
				GCC_NO_COMMON_BLOCKS = YES;
				GCC_OPTIMIZATION_LEVEL = 0;
				GCC_PREPROCESSOR_DEFINITIONS = (
					"DEBUG=1",
					"$(inherited)",
				);
				GCC_WARN_64_TO_32_BIT_CONVERSION = YES;
				GCC_WARN_ABOUT_RETURN_TYPE = YES_ERROR;
				GCC_WARN_UNDECLARED_SELECTOR = YES;
				GCC_WARN_UNINITIALIZED_AUTOS = YES_AGGRESSIVE;
				GCC_WARN_UNUSED_FUNCTION = YES;
				GCC_WARN_UNUSED_VARIABLE = YES;
				IPHONEOS_DEPLOYMENT_TARGET = 11.0;
				MTL_ENABLE_DEBUG_INFO = YES;
				ONLY_ACTIVE_ARCH = YES;
				SDKROOT = iphoneos;
			};
			name = Debug;
		};
		47533E111F7BAC2A00345EA6 /* Release */ = {
			isa = XCBuildConfiguration;
			buildSettings = {
				ALWAYS_SEARCH_USER_PATHS = NO;
				CLANG_ANALYZER_NONNULL = YES;
				CLANG_ANALYZER_NUMBER_OBJECT_CONVERSION = YES_AGGRESSIVE;
				CLANG_CXX_LANGUAGE_STANDARD = "gnu++14";
				CLANG_CXX_LIBRARY = "libc++";
				CLANG_ENABLE_MODULES = YES;
				CLANG_ENABLE_OBJC_ARC = YES;
				CLANG_WARN_BLOCK_CAPTURE_AUTORELEASING = YES;
				CLANG_WARN_BOOL_CONVERSION = YES;
				CLANG_WARN_COMMA = YES;
				CLANG_WARN_CONSTANT_CONVERSION = YES;
				CLANG_WARN_DIRECT_OBJC_ISA_USAGE = YES_ERROR;
				CLANG_WARN_DOCUMENTATION_COMMENTS = YES;
				CLANG_WARN_EMPTY_BODY = YES;
				CLANG_WARN_ENUM_CONVERSION = YES;
				CLANG_WARN_INFINITE_RECURSION = YES;
				CLANG_WARN_INT_CONVERSION = YES;
				CLANG_WARN_NON_LITERAL_NULL_CONVERSION = YES;
				CLANG_WARN_OBJC_LITERAL_CONVERSION = YES;
				CLANG_WARN_OBJC_ROOT_CLASS = YES_ERROR;
				CLANG_WARN_RANGE_LOOP_ANALYSIS = YES;
				CLANG_WARN_STRICT_PROTOTYPES = YES;
				CLANG_WARN_SUSPICIOUS_MOVE = YES;
				CLANG_WARN_UNGUARDED_AVAILABILITY = YES_AGGRESSIVE;
				CLANG_WARN_UNREACHABLE_CODE = YES;
				CLANG_WARN__DUPLICATE_METHOD_MATCH = YES;
				CODE_SIGN_IDENTITY = "iPhone Developer";
				COPY_PHASE_STRIP = NO;
				DEBUG_INFORMATION_FORMAT = "dwarf-with-dsym";
				ENABLE_NS_ASSERTIONS = NO;
				ENABLE_STRICT_OBJC_MSGSEND = YES;
				GCC_C_LANGUAGE_STANDARD = gnu11;
				GCC_NO_COMMON_BLOCKS = YES;
				GCC_WARN_64_TO_32_BIT_CONVERSION = YES;
				GCC_WARN_ABOUT_RETURN_TYPE = YES_ERROR;
				GCC_WARN_UNDECLARED_SELECTOR = YES;
				GCC_WARN_UNINITIALIZED_AUTOS = YES_AGGRESSIVE;
				GCC_WARN_UNUSED_FUNCTION = YES;
				GCC_WARN_UNUSED_VARIABLE = YES;
				IPHONEOS_DEPLOYMENT_TARGET = 11.0;
				MTL_ENABLE_DEBUG_INFO = NO;
				SDKROOT = iphoneos;
				VALIDATE_PRODUCT = YES;
			};
			name = Release;
		};
		47533E131F7BAC2A00345EA6 /* Debug */ = {
			isa = XCBuildConfiguration;
			buildSettings = {
				ASSETCATALOG_COMPILER_APPICON_NAME = AppIcon;
				CODE_SIGN_STYLE = Automatic;
				DEVELOPMENT_TEAM = KLZ6FTC7C7;
				INFOPLIST_FILE = Xcode9_demo1/Info.plist;
				LD_RUNPATH_SEARCH_PATHS = "$(inherited) @executable_path/Frameworks";
				PRODUCT_BUNDLE_IDENTIFIER = "longrise.Xcode9-demo1";
				PRODUCT_NAME = "$(TARGET_NAME)";
				TARGETED_DEVICE_FAMILY = "1,2";
			};
			name = Debug;
		};
		47533E141F7BAC2A00345EA6 /* Release */ = {
			isa = XCBuildConfiguration;
			buildSettings = {
				ASSETCATALOG_COMPILER_APPICON_NAME = AppIcon;
				CODE_SIGN_STYLE = Automatic;
				DEVELOPMENT_TEAM = KLZ6FTC7C7;
				INFOPLIST_FILE = Xcode9_demo1/Info.plist;
				LD_RUNPATH_SEARCH_PATHS = "$(inherited) @executable_path/Frameworks";
				PRODUCT_BUNDLE_IDENTIFIER = "longrise.Xcode9-demo1";
				PRODUCT_NAME = "$(TARGET_NAME)";
				TARGETED_DEVICE_FAMILY = "1,2";
			};
			name = Release;
		};
		47533E161F7BAC2A00345EA6 /* Debug */ = {
			isa = XCBuildConfiguration;
			buildSettings = {
				BUNDLE_LOADER = "$(TEST_HOST)";
				CODE_SIGN_STYLE = Automatic;
				DEVELOPMENT_TEAM = KLZ6FTC7C7;
				INFOPLIST_FILE = Xcode9_demo1Tests/Info.plist;
				LD_RUNPATH_SEARCH_PATHS = "$(inherited) @executable_path/Frameworks @loader_path/Frameworks";
				PRODUCT_BUNDLE_IDENTIFIER = "longrise.Xcode9-demo1Tests";
				PRODUCT_NAME = "$(TARGET_NAME)";
				TARGETED_DEVICE_FAMILY = "1,2";
				TEST_HOST = "$(BUILT_PRODUCTS_DIR)/Xcode9_demo1.app/Xcode9_demo1";
			};
			name = Debug;
		};
		47533E171F7BAC2A00345EA6 /* Release */ = {
			isa = XCBuildConfiguration;
			buildSettings = {
				BUNDLE_LOADER = "$(TEST_HOST)";
				CODE_SIGN_STYLE = Automatic;
				DEVELOPMENT_TEAM = KLZ6FTC7C7;
				INFOPLIST_FILE = Xcode9_demo1Tests/Info.plist;
				LD_RUNPATH_SEARCH_PATHS = "$(inherited) @executable_path/Frameworks @loader_path/Frameworks";
				PRODUCT_BUNDLE_IDENTIFIER = "longrise.Xcode9-demo1Tests";
				PRODUCT_NAME = "$(TARGET_NAME)";
				TARGETED_DEVICE_FAMILY = "1,2";
				TEST_HOST = "$(BUILT_PRODUCTS_DIR)/Xcode9_demo1.app/Xcode9_demo1";
			};
			name = Release;
		};
		47533E191F7BAC2A00345EA6 /* Debug */ = {
			isa = XCBuildConfiguration;
			buildSettings = {
				CODE_SIGN_STYLE = Automatic;
				DEVELOPMENT_TEAM = KLZ6FTC7C7;
				INFOPLIST_FILE = Xcode9_demo1UITests/Info.plist;
				LD_RUNPATH_SEARCH_PATHS = "$(inherited) @executable_path/Frameworks @loader_path/Frameworks";
				PRODUCT_BUNDLE_IDENTIFIER = "longrise.Xcode9-demo1UITests";
				PRODUCT_NAME = "$(TARGET_NAME)";
				TARGETED_DEVICE_FAMILY = "1,2";
				TEST_TARGET_NAME = Xcode9_demo1;
			};
			name = Debug;
		};
		47533E1A1F7BAC2A00345EA6 /* Release */ = {
			isa = XCBuildConfiguration;
			buildSettings = {
				CODE_SIGN_STYLE = Automatic;
				DEVELOPMENT_TEAM = KLZ6FTC7C7;
				INFOPLIST_FILE = Xcode9_demo1UITests/Info.plist;
				LD_RUNPATH_SEARCH_PATHS = "$(inherited) @executable_path/Frameworks @loader_path/Frameworks";
				PRODUCT_BUNDLE_IDENTIFIER = "longrise.Xcode9-demo1UITests";
				PRODUCT_NAME = "$(TARGET_NAME)";
				TARGETED_DEVICE_FAMILY = "1,2";
				TEST_TARGET_NAME = Xcode9_demo1;
			};
			name = Release;
		};
/* End XCBuildConfiguration section */

/* Begin XCConfigurationList section */
		47533DE11F7BAC2900345EA6 /* Build configuration list for PBXProject "Xcode9_demo1" */ = {
			isa = XCConfigurationList;
			buildConfigurations = (
				47533E101F7BAC2A00345EA6 /* Debug */,
				47533E111F7BAC2A00345EA6 /* Release */,
			);
			defaultConfigurationIsVisible = 0;
			defaultConfigurationName = Release;
		};
		47533E121F7BAC2A00345EA6 /* Build configuration list for PBXNativeTarget "Xcode9_demo1" */ = {
			isa = XCConfigurationList;
			buildConfigurations = (
				47533E131F7BAC2A00345EA6 /* Debug */,
				47533E141F7BAC2A00345EA6 /* Release */,
			);
			defaultConfigurationIsVisible = 0;
			defaultConfigurationName = Release;
		};
		47533E151F7BAC2A00345EA6 /* Build configuration list for PBXNativeTarget "Xcode9_demo1Tests" */ = {
			isa = XCConfigurationList;
			buildConfigurations = (
				47533E161F7BAC2A00345EA6 /* Debug */,
				47533E171F7BAC2A00345EA6 /* Release */,
			);
			defaultConfigurationIsVisible = 0;
			defaultConfigurationName = Release;
		};
		47533E181F7BAC2A00345EA6 /* Build configuration list for PBXNativeTarget "Xcode9_demo1UITests" */ = {
			isa = XCConfigurationList;
			buildConfigurations = (
				47533E191F7BAC2A00345EA6 /* Debug */,
				47533E1A1F7BAC2A00345EA6 /* Release */,
			);
			defaultConfigurationIsVisible = 0;
			defaultConfigurationName = Release;
		};
/* End XCConfigurationList section */
	};
	rootObject = 47533DDE1F7BAC2900345EA6 /* Project object */;
}
